
Microsoft Visual Studio Solution File, Format Version 12.00
# Visual Studio Version 16
VisualStudioVersion = 16.0.30907.101
MinimumVisualStudioVersion = 10.0.40219.1
Project("{2150E333-8FDC-42A3-9474-1A3956D46DE8}") = "0 - Presentation", "0 - Presentation", "{C14822B5-D42D-4013-954C-AB03435B54DE}"
EndProject
Project("{2150E333-8FDC-42A3-9474-1A3956D46DE8}") = "1 - Domain", "1 - Domain", "{0F953A6E-D1BA-457C-87A3-8BB11239CF8F}"
EndProject
Project("{2150E333-8FDC-42A3-9474-1A3956D46DE8}") = "2 - Tests", "2 - Tests", "{0365E24D-DE67-4E9F-9E3A-2C52E3D872C0}"
EndProject
Project("{9A19103F-16F7-4668-BE54-9A1E7A4F7556}") = "TBP.DeckOfCards.API", "src\TBP.DeckOfCards.API\TBP.DeckOfCards.API.csproj", "{071727F4-729C-4F43-A476-7772FD7298FD}"
EndProject
Project("{9A19103F-16F7-4668-BE54-9A1E7A4F7556}") = "TBP.DeckOfCards.Domain", "src\TBP.DeckOfCards.Domain\TBP.DeckOfCards.Domain.csproj", "{DF065DE5-1118-4720-B21E-F165380B20CA}"
EndProject
Project("{9A19103F-16F7-4668-BE54-9A1E7A4F7556}") = "TBP.DeckOfCards.Domain.UnitTests", "tests\TBP.DeckOfCards.Domain.UnitTests\TBP.DeckOfCards.Domain.UnitTests.csproj", "{E6795949-4893-461E-9590-8DD13334B42C}"
EndProject
Global
	GlobalSection(SolutionConfigurationPlatforms) = preSolution
		Debug|Any CPU = Debug|Any CPU
		Release|Any CPU = Release|Any CPU
	EndGlobalSection
	GlobalSection(ProjectConfigurationPlatforms) = postSolution
		{E6795949-4893-461E-9590-8DD13334B42C}.Debug|Any CPU.ActiveCfg = Debug|Any CPU
		{E6795949-4893-461E-9590-8DD13334B42C}.Debug|Any CPU.Build.0 = Debug|Any CPU
		{E6795949-4893-461E-9590-8DD13334B42C}.Release|Any CPU.ActiveCfg = Release|Any CPU
		{E6795949-4893-461E-9590-8DD13334B42C}.Release|Any CPU.Build.0 = Release|Any CPU
		{071727F4-729C-4F43-A476-7772FD7298FD}.Debug|Any CPU.ActiveCfg = Debug|Any CPU
		{071727F4-729C-4F43-A476-7772FD7298FD}.Debug|Any CPU.Build.0 = Debug|Any CPU
		{071727F4-729C-4F43-A476-7772FD7298FD}.Release|Any CPU.ActiveCfg = Release|Any CPU
		{071727F4-729C-4F43-A476-7772FD7298FD}.Release|Any CPU.Build.0 = Release|Any CPU
		{DF065DE5-1118-4720-B21E-F165380B20CA}.Debug|Any CPU.ActiveCfg = Debug|Any CPU
		{DF065DE5-1118-4720-B21E-F165380B20CA}.Debug|Any CPU.Build.0 = Debug|Any CPU
		{DF065DE5-1118-4720-B21E-F165380B20CA}.Release|Any CPU.ActiveCfg = Release|Any CPU
		{DF065DE5-1118-4720-B21E-F165380B20CA}.Release|Any CPU.Build.0 = Release|Any CPU
	EndGlobalSection
	GlobalSection(SolutionProperties) = preSolution
		HideSolutionNode = FALSE
	EndGlobalSection
	GlobalSection(NestedProjects) = preSolution
		{E6795949-4893-461E-9590-8DD13334B42C} = {0365E24D-DE67-4E9F-9E3A-2C52E3D872C0}
		{071727F4-729C-4F43-A476-7772FD7298FD} = {C14822B5-D42D-4013-954C-AB03435B54DE}
		{DF065DE5-1118-4720-B21E-F165380B20CA} = {0F953A6E-D1BA-457C-87A3-8BB11239CF8F}
	EndGlobalSection
	GlobalSection(ExtensibilityGlobals) = postSolution
		SolutionGuid = {AABE232D-1591-4492-8CC7-85409458A144}
	EndGlobalSection
EndGlobal
